
Microsoft Visual Studio Solution File, Format Version 12.00
# Visual Studio Version 16
VisualStudioVersion = 16.0.30114.105
MinimumVisualStudioVersion = 10.0.40219.1
Project("{FAE04EC0-301F-11D3-BF4B-00C04F79EFBC}") = "SumaUI", "SumaUI\SumaUI.csproj", "{7E179E71-4075-4D53-B039-7B051430D5AB}"
EndProject
Project("{FAE04EC0-301F-11D3-BF4B-00C04F79EFBC}") = "SumaModel", "SumaModel\SumaModel.csproj", "{2A287EF0-F140-41F7-921C-612108586152}"
EndProject
Global
	GlobalSection(SolutionConfigurationPlatforms) = preSolution
		Debug|Any CPU = Debug|Any CPU
		Release|Any CPU = Release|Any CPU
	EndGlobalSection
	GlobalSection(SolutionProperties) = preSolution
		HideSolutionNode = FALSE
	EndGlobalSection
	GlobalSection(ProjectConfigurationPlatforms) = postSolution
		{7E179E71-4075-4D53-B039-7B051430D5AB}.Debug|Any CPU.ActiveCfg = Debug|Any CPU
		{7E179E71-4075-4D53-B039-7B051430D5AB}.Debug|Any CPU.Build.0 = Debug|Any CPU
		{7E179E71-4075-4D53-B039-7B051430D5AB}.Release|Any CPU.ActiveCfg = Release|Any CPU
		{7E179E71-4075-4D53-B039-7B051430D5AB}.Release|Any CPU.Build.0 = Release|Any CPU
		{2A287EF0-F140-41F7-921C-612108586152}.Debug|Any CPU.ActiveCfg = Debug|Any CPU
		{2A287EF0-F140-41F7-921C-612108586152}.Debug|Any CPU.Build.0 = Debug|Any CPU
		{2A287EF0-F140-41F7-921C-612108586152}.Release|Any CPU.ActiveCfg = Release|Any CPU
		{2A287EF0-F140-41F7-921C-612108586152}.Release|Any CPU.Build.0 = Release|Any CPU
	EndGlobalSection
EndGlobal
